
Microsoft Visual Studio Solution File, Format Version 12.00
# Visual Studio 15
VisualStudioVersion = 15.0.28307.1169
MinimumVisualStudioVersion = 10.0.40219.1
Project("{FAE04EC0-301F-11D3-BF4B-00C04F79EFBC}") = "SocialMedia.Api", "SocialMedia.Api\SocialMedia.Api.csproj", "{A84F33A0-1745-41E0-977C-AAF81D04224D}"
EndProject
Project("{FAE04EC0-301F-11D3-BF4B-00C04F79EFBC}") = "SocialMedia.Core", "SocialMedia.Core\SocialMedia.Core.csproj", "{F384DCBA-8A61-43AB-B850-64625E97E58F}"
EndProject
Project("{FAE04EC0-301F-11D3-BF4B-00C04F79EFBC}") = "SocialMedia.InfraStructure", "SocialMedia.InfraStructure\SocialMedia.InfraStructure.csproj", "{37C4C0BC-5AA2-454B-890B-91F82F1A09F3}"
EndProject
Project("{2150E333-8FDC-42A3-9474-1A3956D46DE8}") = "Tests", "Tests", "{54984517-622E-4A26-9E04-8A0EDBE94617}"
EndProject
Project("{FAE04EC0-301F-11D3-BF4B-00C04F79EFBC}") = "SocialMedia.UnitTest", "SocialMedia.UnitTest\SocialMedia.UnitTest.csproj", "{8F4AC4A3-3D35-416F-A9B7-4F9F49AAD640}"
EndProject
Project("{FAE04EC0-301F-11D3-BF4B-00C04F79EFBC}") = "SocialMedia.IntegrationTest", "SocialMedia.IntegrationTest\SocialMedia.IntegrationTest.csproj", "{E2B70C9C-56BA-48B1-BA16-EE593AB795DF}"
EndProject
Global
	GlobalSection(SolutionConfigurationPlatforms) = preSolution
		Debug|Any CPU = Debug|Any CPU
		Release|Any CPU = Release|Any CPU
	EndGlobalSection
	GlobalSection(ProjectConfigurationPlatforms) = postSolution
		{A84F33A0-1745-41E0-977C-AAF81D04224D}.Debug|Any CPU.ActiveCfg = Debug|Any CPU
		{A84F33A0-1745-41E0-977C-AAF81D04224D}.Debug|Any CPU.Build.0 = Debug|Any CPU
		{A84F33A0-1745-41E0-977C-AAF81D04224D}.Release|Any CPU.ActiveCfg = Release|Any CPU
		{A84F33A0-1745-41E0-977C-AAF81D04224D}.Release|Any CPU.Build.0 = Release|Any CPU
		{F384DCBA-8A61-43AB-B850-64625E97E58F}.Debug|Any CPU.ActiveCfg = Debug|Any CPU
		{F384DCBA-8A61-43AB-B850-64625E97E58F}.Debug|Any CPU.Build.0 = Debug|Any CPU
		{F384DCBA-8A61-43AB-B850-64625E97E58F}.Release|Any CPU.ActiveCfg = Release|Any CPU
		{F384DCBA-8A61-43AB-B850-64625E97E58F}.Release|Any CPU.Build.0 = Release|Any CPU
		{37C4C0BC-5AA2-454B-890B-91F82F1A09F3}.Debug|Any CPU.ActiveCfg = Debug|Any CPU
		{37C4C0BC-5AA2-454B-890B-91F82F1A09F3}.Debug|Any CPU.Build.0 = Debug|Any CPU
		{37C4C0BC-5AA2-454B-890B-91F82F1A09F3}.Release|Any CPU.ActiveCfg = Release|Any CPU
		{37C4C0BC-5AA2-454B-890B-91F82F1A09F3}.Release|Any CPU.Build.0 = Release|Any CPU
		{8F4AC4A3-3D35-416F-A9B7-4F9F49AAD640}.Debug|Any CPU.ActiveCfg = Debug|Any CPU
		{8F4AC4A3-3D35-416F-A9B7-4F9F49AAD640}.Debug|Any CPU.Build.0 = Debug|Any CPU
		{8F4AC4A3-3D35-416F-A9B7-4F9F49AAD640}.Release|Any CPU.ActiveCfg = Release|Any CPU
		{8F4AC4A3-3D35-416F-A9B7-4F9F49AAD640}.Release|Any CPU.Build.0 = Release|Any CPU
		{E2B70C9C-56BA-48B1-BA16-EE593AB795DF}.Debug|Any CPU.ActiveCfg = Debug|Any CPU
		{E2B70C9C-56BA-48B1-BA16-EE593AB795DF}.Debug|Any CPU.Build.0 = Debug|Any CPU
		{E2B70C9C-56BA-48B1-BA16-EE593AB795DF}.Release|Any CPU.ActiveCfg = Release|Any CPU
		{E2B70C9C-56BA-48B1-BA16-EE593AB795DF}.Release|Any CPU.Build.0 = Release|Any CPU
	EndGlobalSection
	GlobalSection(SolutionProperties) = preSolution
		HideSolutionNode = FALSE
	EndGlobalSection
	GlobalSection(NestedProjects) = preSolution
		{8F4AC4A3-3D35-416F-A9B7-4F9F49AAD640} = {54984517-622E-4A26-9E04-8A0EDBE94617}
		{E2B70C9C-56BA-48B1-BA16-EE593AB795DF} = {54984517-622E-4A26-9E04-8A0EDBE94617}
	EndGlobalSection
	GlobalSection(ExtensibilityGlobals) = postSolution
		SolutionGuid = {701EC542-3E2A-4217-B8F8-FB8BB2BD6911}
	EndGlobalSection
EndGlobal
